
Microsoft Visual Studio Solution File, Format Version 12.00
# Visual Studio Version 17
VisualStudioVersion = 17.2.32630.192
MinimumVisualStudioVersion = 10.0.40219.1
Project("{9A19103F-16F7-4668-BE54-9A1E7A4F7556}") = "ValheimExportHelper", "ValheimExportHelper\ValheimExportHelper.csproj", "{B007D18E-3042-4E49-90EE-3E822FC319A8}"
EndProject
Project("{9A19103F-16F7-4668-BE54-9A1E7A4F7556}") = "AssetRipper.Core", "AssetRipper\AssetRipper.Core\AssetRipper.Core.csproj", "{F84F244D-A88B-4AB5-92CF-BFF44552F36E}"
EndProject
Project("{9A19103F-16F7-4668-BE54-9A1E7A4F7556}") = "AssetRipper.Fundamentals", "AssetRipper\AssetRipper.Fundamentals\AssetRipper.Fundamentals.csproj", "{3F48E6AF-AC8E-4713-A162-BFC27015282C}"
EndProject
Project("{9A19103F-16F7-4668-BE54-9A1E7A4F7556}") = "AssetRipper.IO.Endian", "AssetRipper\AssetRipper.IO.Endian\AssetRipper.IO.Endian.csproj", "{632D7950-9898-4C3F-B348-9D70CF4BA50B}"
EndProject
Project("{9A19103F-16F7-4668-BE54-9A1E7A4F7556}") = "AssetRipper.Library", "AssetRipper\AssetRipper.Library\AssetRipper.Library.csproj", "{A78C8068-8C75-49C2-8C44-739CE1818D2A}"
EndProject
Project("{9A19103F-16F7-4668-BE54-9A1E7A4F7556}") = "AssetRipper.Yaml", "AssetRipper\AssetRipper.Yaml\AssetRipper.Yaml.csproj", "{41E5D539-F5F1-41F4-8A51-E03F166EF992}"
EndProject
Project("{9A19103F-16F7-4668-BE54-9A1E7A4F7556}") = "ShaderTextRestorer", "AssetRipper\ShaderTextRestorer\ShaderTextRestorer.csproj", "{60AF0FB8-BE77-4854-8DE4-064CE35493C1}"
EndProject
Project("{9A19103F-16F7-4668-BE54-9A1E7A4F7556}") = "Smolv", "AssetRipper\Smolv\Smolv.csproj", "{6F73711E-86B3-422A-AE36-F37CBB43070B}"
EndProject
Project("{9A19103F-16F7-4668-BE54-9A1E7A4F7556}") = "SpirV", "AssetRipper\SpirV\SpirV.csproj", "{8FE893AA-D200-4751-8651-10389735EA2E}"
EndProject
Global
	GlobalSection(SolutionConfigurationPlatforms) = preSolution
		Debug|Any CPU = Debug|Any CPU
		Release|Any CPU = Release|Any CPU
	EndGlobalSection
	GlobalSection(ProjectConfigurationPlatforms) = postSolution
		{B007D18E-3042-4E49-90EE-3E822FC319A8}.Debug|Any CPU.ActiveCfg = Debug|Any CPU
		{B007D18E-3042-4E49-90EE-3E822FC319A8}.Debug|Any CPU.Build.0 = Debug|Any CPU
		{B007D18E-3042-4E49-90EE-3E822FC319A8}.Release|Any CPU.ActiveCfg = Release|Any CPU
		{B007D18E-3042-4E49-90EE-3E822FC319A8}.Release|Any CPU.Build.0 = Release|Any CPU
		{F84F244D-A88B-4AB5-92CF-BFF44552F36E}.Debug|Any CPU.ActiveCfg = Debug|Any CPU
		{F84F244D-A88B-4AB5-92CF-BFF44552F36E}.Debug|Any CPU.Build.0 = Debug|Any CPU
		{F84F244D-A88B-4AB5-92CF-BFF44552F36E}.Release|Any CPU.ActiveCfg = Release|Any CPU
		{F84F244D-A88B-4AB5-92CF-BFF44552F36E}.Release|Any CPU.Build.0 = Release|Any CPU
		{3F48E6AF-AC8E-4713-A162-BFC27015282C}.Debug|Any CPU.ActiveCfg = Debug|Any CPU
		{3F48E6AF-AC8E-4713-A162-BFC27015282C}.Debug|Any CPU.Build.0 = Debug|Any CPU
		{3F48E6AF-AC8E-4713-A162-BFC27015282C}.Release|Any CPU.ActiveCfg = Release|Any CPU
		{3F48E6AF-AC8E-4713-A162-BFC27015282C}.Release|Any CPU.Build.0 = Release|Any CPU
		{632D7950-9898-4C3F-B348-9D70CF4BA50B}.Debug|Any CPU.ActiveCfg = Debug|Any CPU
		{632D7950-9898-4C3F-B348-9D70CF4BA50B}.Debug|Any CPU.Build.0 = Debug|Any CPU
		{632D7950-9898-4C3F-B348-9D70CF4BA50B}.Release|Any CPU.ActiveCfg = Release|Any CPU
		{632D7950-9898-4C3F-B348-9D70CF4BA50B}.Release|Any CPU.Build.0 = Release|Any CPU
		{A78C8068-8C75-49C2-8C44-739CE1818D2A}.Debug|Any CPU.ActiveCfg = Debug|Any CPU
		{A78C8068-8C75-49C2-8C44-739CE1818D2A}.Debug|Any CPU.Build.0 = Debug|Any CPU
		{A78C8068-8C75-49C2-8C44-739CE1818D2A}.Release|Any CPU.ActiveCfg = Release|Any CPU
		{A78C8068-8C75-49C2-8C44-739CE1818D2A}.Release|Any CPU.Build.0 = Release|Any CPU
		{41E5D539-F5F1-41F4-8A51-E03F166EF992}.Debug|Any CPU.ActiveCfg = Debug|Any CPU
		{41E5D539-F5F1-41F4-8A51-E03F166EF992}.Debug|Any CPU.Build.0 = Debug|Any CPU
		{41E5D539-F5F1-41F4-8A51-E03F166EF992}.Release|Any CPU.ActiveCfg = Release|Any CPU
		{41E5D539-F5F1-41F4-8A51-E03F166EF992}.Release|Any CPU.Build.0 = Release|Any CPU
		{60AF0FB8-BE77-4854-8DE4-064CE35493C1}.Debug|Any CPU.ActiveCfg = Debug|Any CPU
		{60AF0FB8-BE77-4854-8DE4-064CE35493C1}.Debug|Any CPU.Build.0 = Debug|Any CPU
		{60AF0FB8-BE77-4854-8DE4-064CE35493C1}.Release|Any CPU.ActiveCfg = Release|Any CPU
		{60AF0FB8-BE77-4854-8DE4-064CE35493C1}.Release|Any CPU.Build.0 = Release|Any CPU
		{6F73711E-86B3-422A-AE36-F37CBB43070B}.Debug|Any CPU.ActiveCfg = Debug|Any CPU
		{6F73711E-86B3-422A-AE36-F37CBB43070B}.Debug|Any CPU.Build.0 = Debug|Any CPU
		{6F73711E-86B3-422A-AE36-F37CBB43070B}.Release|Any CPU.ActiveCfg = Release|Any CPU
		{6F73711E-86B3-422A-AE36-F37CBB43070B}.Release|Any CPU.Build.0 = Release|Any CPU
		{8FE893AA-D200-4751-8651-10389735EA2E}.Debug|Any CPU.ActiveCfg = Debug|Any CPU
		{8FE893AA-D200-4751-8651-10389735EA2E}.Debug|Any CPU.Build.0 = Debug|Any CPU
		{8FE893AA-D200-4751-8651-10389735EA2E}.Release|Any CPU.ActiveCfg = Release|Any CPU
		{8FE893AA-D200-4751-8651-10389735EA2E}.Release|Any CPU.Build.0 = Release|Any CPU
	EndGlobalSection
	GlobalSection(SolutionProperties) = preSolution
		HideSolutionNode = FALSE
	EndGlobalSection
	GlobalSection(ExtensibilityGlobals) = postSolution
		SolutionGuid = {69D63C5B-A0B6-441C-AF65-D15194734B76}
	EndGlobalSection
EndGlobal
